PODS:
  - connectivity (0.0.1):
    - Flutter
    - Reachability
  - Flutter (1.0.0)
  - flutter_sound (0.0.1):
    - Flutter
  - image_picker (0.0.1):
    - Flutter
  - local_auth (0.0.1):
    - Flutter
  - open_file (0.0.1):
    - Flutter
  - package_info (0.0.1):
    - Flutter
  - path_provider (0.0.1):
    - Flutter
  - Reachability (3.2)
  - screen (0.0.1):
    - Flutter
  - shared_preferences (0.0.1):
    - Flutter
  - simple_permissions (0.0.1):
    - Flutter
  - url_launcher (0.0.1):
    - Flutter

DEPENDENCIES:
  - connectivity (from `.symlinks/plugins/connectivity/ios`)
  - Flutter (from `.symlinks/flutter/ios`)
  - flutter_sound (from `.symlinks/plugins/flutter_sound/ios`)
  - image_picker (from `.symlinks/plugins/image_picker/ios`)
  - local_auth (from `.symlinks/plugins/local_auth/ios`)
  - open_file (from `.symlinks/plugins/open_file/ios`)
  - package_info (from `.symlinks/plugins/package_info/ios`)
  - path_provider (from `.symlinks/plugins/path_provider/ios`)
  - screen (from `.symlinks/plugins/screen/ios`)
  - shared_preferences (from `.symlinks/plugins/shared_preferences/ios`)
  - simple_permissions (from `.symlinks/plugins/simple_permissions/ios`)
  - url_launcher (from `.symlinks/plugins/url_launcher/ios`)

SPEC REPOS:
  https://github.com/cocoapods/specs.git:
    - Reachability

EXTERNAL SOURCES:
  connectivity:
    :path: ".symlinks/plugins/connectivity/ios"
  Flutter:
    :path: ".symlinks/flutter/ios"
  flutter_sound:
    :path: ".symlinks/plugins/flutter_sound/ios"
  image_picker:
    :path: ".symlinks/plugins/image_picker/ios"
  local_auth:
    :path: ".symlinks/plugins/local_auth/ios"
  open_file:
    :path: ".symlinks/plugins/open_file/ios"
  package_info:
    :path: ".symlinks/plugins/package_info/ios"
  path_provider:
    :path: ".symlinks/plugins/path_provider/ios"
  screen:
    :path: ".symlinks/plugins/screen/ios"
  shared_preferences:
    :path: ".symlinks/plugins/shared_preferences/ios"
  simple_permissions:
    :path: ".symlinks/plugins/simple_permissions/ios"
  url_launcher:
    :path: ".symlinks/plugins/url_launcher/ios"

SPEC CHECKSUMS:
  connectivity: d5992e3758d68b1c4b12d6e012fe0813f1aa1645
  Flutter: 9d0fac939486c9aba2809b7982dfdbb47a7b0296
  flutter_sound: ec7c1debf6cd72d44b1270a1f7a999af15ca8113
  image_picker: ee00aab0487cedc80a304085219503cc6d0f2e22
  local_auth: dca7d49d2228a53db258478ee98ee19402ff0c49
  open_file: 40d524de730775bb4edb021fa137cc1d2fa13f1c
  package_info: d7c98b64f60add4c2908b9d94d82a45d3c8827ad
  path_provider: 09407919825bfe3c2deae39453b7a5b44f467873
  Reachability: 33e18b67625424e47b6cde6d202dce689ad7af96
  screen: 9ab0df4ff4bb6d382da4328428535b618c705c46
  shared_preferences: 5a1d487c427ee18fcd3ea1f2a131569481834b53
  simple_permissions: 7b655133eecb5dd18d5f0326e847c46f8d440576
  url_launcher: 92b89c1029a0373879933c21642958c874539095

PODFILE CHECKSUM: 6bd8b690d562b9a5859374a63ceedb5a8ba56726

COCOAPODS: 1.5.3
